
Microsoft Visual Studio Solution File, Format Version 12.00
# Visual Studio Version 16
VisualStudioVersion = 16.0.31424.327
MinimumVisualStudioVersion = 10.0.40219.1
Project("{FAE04EC0-301F-11D3-BF4B-00C04F79EFBC}") = "Ahorcado", "Ahorcado\Ahorcado.csproj", "{1ADD5C46-A111-49C4-9A07-98AA25639E28}"
EndProject
Global
	GlobalSection(SolutionConfigurationPlatforms) = preSolution
		Debug|Any CPU = Debug|Any CPU
		Release|Any CPU = Release|Any CPU
	EndGlobalSection
	GlobalSection(ProjectConfigurationPlatforms) = postSolution
		{1ADD5C46-A111-49C4-9A07-98AA25639E28}.Debug|Any CPU.ActiveCfg = Debug|Any CPU
		{1ADD5C46-A111-49C4-9A07-98AA25639E28}.Debug|Any CPU.Build.0 = Debug|Any CPU
		{1ADD5C46-A111-49C4-9A07-98AA25639E28}.Release|Any CPU.ActiveCfg = Release|Any CPU
		{1ADD5C46-A111-49C4-9A07-98AA25639E28}.Release|Any CPU.Build.0 = Release|Any CPU
	EndGlobalSection
	GlobalSection(SolutionProperties) = preSolution
		HideSolutionNode = FALSE
	EndGlobalSection
	GlobalSection(ExtensibilityGlobals) = postSolution
		SolutionGuid = {6FB28A75-8027-4FAA-8BA8-620BDF9D923B}
	EndGlobalSection
EndGlobal
